<<<<<<< HEAD
﻿
Microsoft Visual Studio Solution File, Format Version 12.00
# Visual Studio for Mac
Project("{FAE04EC0-301F-11D3-BF4B-00C04F79EFBC}") = "Assembly-CSharp", "Assembly-CSharp.csproj", "{F58281E3-99C4-9ED9-C25A-4C9D3FDA551A}"
EndProject
Global
	GlobalSection(SolutionConfigurationPlatforms) = preSolution
		Debug|Any CPU = Debug|Any CPU
		Release|Any CPU = Release|Any CPU
	EndGlobalSection
	GlobalSection(ProjectConfigurationPlatforms) = postSolution
		{F58281E3-99C4-9ED9-C25A-4C9D3FDA551A}.Debug|Any CPU.ActiveCfg = Debug|Any CPU
		{F58281E3-99C4-9ED9-C25A-4C9D3FDA551A}.Debug|Any CPU.Build.0 = Debug|Any CPU
		{F58281E3-99C4-9ED9-C25A-4C9D3FDA551A}.Release|Any CPU.ActiveCfg = Release|Any CPU
		{F58281E3-99C4-9ED9-C25A-4C9D3FDA551A}.Release|Any CPU.Build.0 = Release|Any CPU
	EndGlobalSection
	GlobalSection(SolutionProperties) = preSolution
		HideSolutionNode = FALSE
	EndGlobalSection
EndGlobal
=======
﻿
Microsoft Visual Studio Solution File, Format Version 12.00
# Visual Studio for Mac
Project("{FAE04EC0-301F-11D3-BF4B-00C04F79EFBC}") = "Assembly-CSharp", "Assembly-CSharp.csproj", "{F58281E3-99C4-9ED9-C25A-4C9D3FDA551A}"
EndProject
Global
	GlobalSection(SolutionConfigurationPlatforms) = preSolution
		Debug|Any CPU = Debug|Any CPU
		Release|Any CPU = Release|Any CPU
	EndGlobalSection
	GlobalSection(ProjectConfigurationPlatforms) = postSolution
		{F58281E3-99C4-9ED9-C25A-4C9D3FDA551A}.Debug|Any CPU.ActiveCfg = Debug|Any CPU
		{F58281E3-99C4-9ED9-C25A-4C9D3FDA551A}.Debug|Any CPU.Build.0 = Debug|Any CPU
		{F58281E3-99C4-9ED9-C25A-4C9D3FDA551A}.Release|Any CPU.ActiveCfg = Release|Any CPU
		{F58281E3-99C4-9ED9-C25A-4C9D3FDA551A}.Release|Any CPU.Build.0 = Release|Any CPU
	EndGlobalSection
	GlobalSection(SolutionProperties) = preSolution
		HideSolutionNode = FALSE
	EndGlobalSection
EndGlobal
>>>>>>> 71b18bfa2c2659a10ef175944f9500c6f7112e04
